<?xml version="1.0" encoding="utf-8"?>
<Project ToolsVersion="4.0" xmlns="http://schemas.microsoft.com/developer/msbuild/2003">
  <ItemGroup>
    <Filter Include="src">
      <UniqueIdentifier>{129f9cd9-41d0-4b25-94f4-00056d89d393}</UniqueIdentifier>
    </Filter>
    <Filter Include="include">
      <UniqueIdentifier>{f06b7185-95d3-426c-adce-ac992763ef26}</UniqueIdentifier>
    </Filter>
    <Filter Include="include\functors">
      <UniqueIdentifier>{39dbd30d-34a6-42f5-9745-4c8cf3f5f0db}</UniqueIdentifier>
    </Filter>
    <Filter Include="include\range">
      <UniqueIdentifier>{43467815-9c21-42d1-ab42-b34ff1ff4066}</UniqueIdentifier>
    </Filter>
    <Filter Include="include\range\adaptors">
      <UniqueIdentifier>{c64a978a-66e1-449d-b9c0-0e99a5894d90}</UniqueIdentifier>
    </Filter>
    <Filter Include="include\range\adapt">
      <UniqueIdentifier>{00ae2bdb-4255-406a-967f-b42ea0667125}</UniqueIdentifier>
    </Filter>
    <Filter Include="include\library_logger">
      <UniqueIdentifier>{27636878-23f5-4bca-ab28-ed6c19f3eed8}</UniqueIdentifier>
    </Filter>
    <Filter Include="include\codecvt_conv">
      <UniqueIdentifier>{55062096-88f4-4c70-8421-1116ab9d10e6}</UniqueIdentifier>
    </Filter>
    <Filter Include="include\algorithm">
      <UniqueIdentifier>{d744bc5c-df97-4d0a-be48-11620c040e4c}</UniqueIdentifier>
    </Filter>
    <Filter Include="include\varalgo">
      <UniqueIdentifier>{e8572a87-6d03-477b-a1e6-673cca4f2e8c}</UniqueIdentifier>
    </Filter>
    <Filter Include="include\iostreams">
      <UniqueIdentifier>{32fba24e-6b9b-4bb8-b8ee-c4dc09db9611}</UniqueIdentifier>
    </Filter>
    <Filter Include="include\strings">
      <UniqueIdentifier>{d8f0d895-26c1-44ce-a4fb-cf8cc12c0469}</UniqueIdentifier>
    </Filter>
  </ItemGroup>
  <ItemGroup>
    <ClCompile Include="src\FileSystemUtils.cpp">
      <Filter>src</Filter>
    </ClCompile>
    <ClCompile Include="src\Errors.cpp">
      <Filter>src</Filter>
    </ClCompile>
    <ClCompile Include="src\FileSystemGetExePath.cpp">
      <Filter>src</Filter>
    </ClCompile>
    <ClCompile Include="src\time_fmt.cpp">
      <Filter>src</Filter>
    </ClCompile>
    <ClCompile Include="src\regex_utils.cpp">
      <Filter>src</Filter>
    </ClCompile>
    <ClCompile Include="src\socket_streambuf_base.cpp">
      <Filter>src</Filter>
    </ClCompile>
    <ClCompile Include="src\string_interpolation.cpp">
      <Filter>src</Filter>
    </ClCompile>
    <ClCompile Include="src\cppzlib.cpp">
      <Filter>src</Filter>
    </ClCompile>
    <ClCompile Include="src\winsock2_streambuf.cpp">
      <Filter>src</Filter>
    </ClCompile>
    <ClCompile Include="src\winsock2_stream.cpp">
      <Filter>src</Filter>
    </ClCompile>
    <ClCompile Include="src\openssl.cpp">
      <Filter>src</Filter>
    </ClCompile>
    <ClCompile Include="src\winsock2.cpp">
      <Filter>src</Filter>
    </ClCompile>
    <ClCompile Include="src\threaded_scheduler.cpp">
      <Filter>src</Filter>
    </ClCompile>
    <ClCompile Include="src\socket_types.cpp">
      <Filter>src</Filter>
    </ClCompile>
    <ClCompile Include="src\future.cpp">
      <Filter>src</Filter>
    </ClCompile>
    <ClCompile Include="src\cow_string_body.cpp">
      <Filter>src</Filter>
    </ClCompile>
  </ItemGroup>
  <ItemGroup>
    <ClInclude Include="include\ext\FileSystemUtils.hpp">
      <Filter>include</Filter>
    </ClInclude>
    <ClInclude Include="include\ext\string_interpolation.hpp">
      <Filter>include</Filter>
    </ClInclude>
    <ClInclude Include="include\ext\Errors.hpp">
      <Filter>include</Filter>
    </ClInclude>
    <ClInclude Include="include\ext\codecvt_conv.hpp">
      <Filter>include</Filter>
    </ClInclude>
    <ClInclude Include="include\ext\append_iterator.hpp">
      <Filter>include</Filter>
    </ClInclude>
    <ClInclude Include="include\ext\functors.hpp">
      <Filter>include</Filter>
    </ClInclude>
    <ClInclude Include="include\ext\utf8utils.hpp">
      <Filter>include</Filter>
    </ClInclude>
    <ClInclude Include="include\ext\lrucache.hpp">
      <Filter>include</Filter>
    </ClInclude>
    <ClInclude Include="include\ext\join_into.hpp">
      <Filter>include</Filter>
    </ClInclude>
    <ClInclude Include="include\ext\functors\lcpred.hpp">
      <Filter>include\functors</Filter>
    </ClInclude>
    <ClInclude Include="include\ext\functors\ctpred.hpp">
      <Filter>include\functors</Filter>
    </ClInclude>
    <ClInclude Include="include\ext\algorithm.hpp">
      <Filter>include</Filter>
    </ClInclude>
    <ClInclude Include="include\ext\range\adaptors.hpp">
      <Filter>include\range</Filter>
    </ClInclude>
    <ClInclude Include="include\ext\range\range_traits.hpp">
      <Filter>include\range</Filter>
    </ClInclude>
    <ClInclude Include="include\ext\range\adaptors\pair.hpp">
      <Filter>include\range\adaptors</Filter>
    </ClInclude>
    <ClInclude Include="include\ext\range\adapt\boost_match_result.hpp">
      <Filter>include\range\adapt</Filter>
    </ClInclude>
    <ClInclude Include="include\ext\range\adapt\std_match_result.hpp">
      <Filter>include\range\adapt</Filter>
    </ClInclude>
    <ClInclude Include="include\ext\range.hpp">
      <Filter>include\range</Filter>
    </ClInclude>
    <ClInclude Include="include\ext\range\array_wrapper.hpp">
      <Filter>include\range</Filter>
    </ClInclude>
    <ClInclude Include="include\ext\range\istream_range.hpp">
      <Filter>include\range</Filter>
    </ClInclude>
    <ClInclude Include="include\ext\range\input_range_facade.hpp">
      <Filter>include\range</Filter>
    </ClInclude>
    <ClInclude Include="include\ext\shared_by_need.hpp">
      <Filter>include</Filter>
    </ClInclude>
    <ClInclude Include="include\ext\utility.hpp">
      <Filter>include</Filter>
    </ClInclude>
    <ClInclude Include="include\ext\library_logger\logger.hpp">
      <Filter>include\library_logger</Filter>
    </ClInclude>
    <ClInclude Include="include\ext\library_logger\simple_logger.hpp">
      <Filter>include\library_logger</Filter>
    </ClInclude>
    <ClInclude Include="include\ext\library_logger\logging_macros.hpp">
      <Filter>include\library_logger</Filter>
    </ClInclude>
    <ClInclude Include="include\ext\time_fmt.hpp">
      <Filter>include</Filter>
    </ClInclude>
    <ClInclude Include="include\ext\codecvt_conv\generic_conv.hpp">
      <Filter>include\codecvt_conv</Filter>
    </ClInclude>
    <ClInclude Include="include\ext\codecvt_conv\wbuffer_convert.hpp">
      <Filter>include\codecvt_conv</Filter>
    </ClInclude>
    <ClInclude Include="include\ext\codecvt_conv\base.hpp">
      <Filter>include\codecvt_conv</Filter>
    </ClInclude>
    <ClInclude Include="include\ext\range\line_reader.hpp">
      <Filter>include\range</Filter>
    </ClInclude>
    <ClInclude Include="include\ext\range\adaptors\moved.hpp">
      <Filter>include\range\adaptors</Filter>
    </ClInclude>
    <ClInclude Include="include\ext\range\pretty_printers.hpp">
      <Filter>include\range</Filter>
    </ClInclude>
    <ClInclude Include="include\ext\algorithm\tribool_compare.hpp">
      <Filter>include\algorithm</Filter>
    </ClInclude>
    <ClInclude Include="include\ext\algorithm\binary_find.hpp">
      <Filter>include\algorithm</Filter>
    </ClInclude>
    <ClInclude Include="include\ext\algorithm\slide.hpp">
      <Filter>include\algorithm</Filter>
    </ClInclude>
    <ClInclude Include="include\ext\regex_utils.hpp">
      <Filter>include</Filter>
    </ClInclude>
    <ClInclude Include="include\ext\varalgo\binary_find.hpp">
      <Filter>include\varalgo</Filter>
    </ClInclude>
    <ClInclude Include="include\ext\varalgo\binary_search.hpp">
      <Filter>include\varalgo</Filter>
    </ClInclude>
    <ClInclude Include="include\ext\varalgo\equal_range.hpp">
      <Filter>include\varalgo</Filter>
    </ClInclude>
    <ClInclude Include="include\ext\varalgo\is_sorted.hpp">
      <Filter>include\varalgo</Filter>
    </ClInclude>
    <ClInclude Include="include\ext\varalgo\is_sorted_until.hpp">
      <Filter>include\varalgo</Filter>
    </ClInclude>
    <ClInclude Include="include\ext\varalgo\lower_bound.hpp">
      <Filter>include\varalgo</Filter>
    </ClInclude>
    <ClInclude Include="include\ext\varalgo\nth_element.hpp">
      <Filter>include\varalgo</Filter>
    </ClInclude>
    <ClInclude Include="include\ext\varalgo\partial_sort.hpp">
      <Filter>include\varalgo</Filter>
    </ClInclude>
    <ClInclude Include="include\ext\varalgo\partial_sort_copy.hpp">
      <Filter>include\varalgo</Filter>
    </ClInclude>
    <ClInclude Include="include\ext\varalgo\sort.hpp">
      <Filter>include\varalgo</Filter>
    </ClInclude>
    <ClInclude Include="include\ext\varalgo\stable_sort.hpp">
      <Filter>include\varalgo</Filter>
    </ClInclude>
    <ClInclude Include="include\ext\varalgo\upper_bound.hpp">
      <Filter>include\varalgo</Filter>
    </ClInclude>
    <ClInclude Include="include\ext\varalgo.hpp">
      <Filter>include\varalgo</Filter>
    </ClInclude>
    <ClInclude Include="include\ext\varalgo\minmax_element.hpp">
      <Filter>include\varalgo</Filter>
    </ClInclude>
    <ClInclude Include="include\ext\varalgo\minmax.hpp">
      <Filter>include\varalgo</Filter>
    </ClInclude>
    <ClInclude Include="include\ext\varalgo\merge.hpp">
      <Filter>include\varalgo</Filter>
    </ClInclude>
    <ClInclude Include="include\ext\varalgo\inplace_merge.hpp">
      <Filter>include\varalgo</Filter>
    </ClInclude>
    <ClInclude Include="include\ext\varalgo\set_operations.hpp">
      <Filter>include\varalgo</Filter>
    </ClInclude>
    <ClInclude Include="include\ext\varalgo\adjacent_find.hpp">
      <Filter>include\varalgo</Filter>
    </ClInclude>
    <ClInclude Include="include\ext\varalgo\count_if.hpp">
      <Filter>include\varalgo</Filter>
    </ClInclude>
    <ClInclude Include="include\ext\varalgo\equal.hpp">
      <Filter>include\varalgo</Filter>
    </ClInclude>
    <ClInclude Include="include\ext\varalgo\find_end.hpp">
      <Filter>include\varalgo</Filter>
    </ClInclude>
    <ClInclude Include="include\ext\varalgo\find_first_of.hpp">
      <Filter>include\varalgo</Filter>
    </ClInclude>
    <ClInclude Include="include\ext\varalgo\find_if.hpp">
      <Filter>include\varalgo</Filter>
    </ClInclude>
    <ClInclude Include="include\ext\varalgo\find_if_not.hpp">
      <Filter>include\varalgo</Filter>
    </ClInclude>
    <ClInclude Include="include\ext\varalgo\mismatch.hpp">
      <Filter>include\varalgo</Filter>
    </ClInclude>
    <ClInclude Include="include\ext\varalgo\search.hpp">
      <Filter>include\varalgo</Filter>
    </ClInclude>
    <ClInclude Include="include\ext\varalgo\search_n.hpp">
      <Filter>include\varalgo</Filter>
    </ClInclude>
    <ClInclude Include="include\ext\varalgo\all_of.hpp">
      <Filter>include\varalgo</Filter>
    </ClInclude>
    <ClInclude Include="include\ext\varalgo\any_of.hpp">
      <Filter>include\varalgo</Filter>
    </ClInclude>
    <ClInclude Include="include\ext\varalgo\copy_if.hpp">
      <Filter>include\varalgo</Filter>
    </ClInclude>
    <ClInclude Include="include\ext\varalgo\for_each.hpp">
      <Filter>include\varalgo</Filter>
    </ClInclude>
    <ClInclude Include="include\ext\varalgo\is_partitioned.hpp">
      <Filter>include\varalgo</Filter>
    </ClInclude>
    <ClInclude Include="include\ext\varalgo\modifying_algo.hpp">
      <Filter>include\varalgo</Filter>
    </ClInclude>
    <ClInclude Include="include\ext\varalgo\none_of.hpp">
      <Filter>include\varalgo</Filter>
    </ClInclude>
    <ClInclude Include="include\ext\varalgo\non-modifying_algo.hpp">
      <Filter>include\varalgo</Filter>
    </ClInclude>
    <ClInclude Include="include\ext\varalgo\on_sorted_algo.hpp">
      <Filter>include\varalgo</Filter>
    </ClInclude>
    <ClInclude Include="include\ext\varalgo\partition.hpp">
      <Filter>include\varalgo</Filter>
    </ClInclude>
    <ClInclude Include="include\ext\varalgo\partition_algo.hpp">
      <Filter>include\varalgo</Filter>
    </ClInclude>
    <ClInclude Include="include\ext\varalgo\partition_copy.hpp">
      <Filter>include\varalgo</Filter>
    </ClInclude>
    <ClInclude Include="include\ext\varalgo\partition_point.hpp">
      <Filter>include\varalgo</Filter>
    </ClInclude>
    <ClInclude Include="include\ext\varalgo\remove_copy_if.hpp">
      <Filter>include\varalgo</Filter>
    </ClInclude>
    <ClInclude Include="include\ext\varalgo\remove_if.hpp">
      <Filter>include\varalgo</Filter>
    </ClInclude>
    <ClInclude Include="include\ext\varalgo\replace_copy_if.hpp">
      <Filter>include\varalgo</Filter>
    </ClInclude>
    <ClInclude Include="include\ext\varalgo\replace_if.hpp">
      <Filter>include\varalgo</Filter>
    </ClInclude>
    <ClInclude Include="include\ext\varalgo\sorting_algo.hpp">
      <Filter>include\varalgo</Filter>
    </ClInclude>
    <ClInclude Include="include\ext\varalgo\stable_partition.hpp">
      <Filter>include\varalgo</Filter>
    </ClInclude>
    <ClInclude Include="include\ext\varalgo\transform.hpp">
      <Filter>include\varalgo</Filter>
    </ClInclude>
    <ClInclude Include="include\ext\varalgo\unique.hpp">
      <Filter>include\varalgo</Filter>
    </ClInclude>
    <ClInclude Include="include\ext\varalgo\unique_copy.hpp">
      <Filter>include\varalgo</Filter>
    </ClInclude>
    <ClInclude Include="include\ext\integer_sequence.hpp">
      <Filter>include</Filter>
    </ClInclude>
    <ClInclude Include="include\ext\zip_iterator.hpp">
      <Filter>include</Filter>
    </ClInclude>
    <ClInclude Include="include\ext\range\combine.hpp">
      <Filter>include\range</Filter>
    </ClInclude>
    <ClInclude Include="include\ext\itoa.hpp">
      <Filter>include</Filter>
    </ClInclude>
    <ClInclude Include="include\ext\try_reserve.hpp">
      <Filter>include</Filter>
    </ClInclude>
    <ClInclude Include="include\ext\iostreams\linebreak_insert_filter.hpp">
      <Filter>include\iostreams</Filter>
    </ClInclude>
    <ClInclude Include="include\ext\iostreams\transform_width_encoder.hpp">
      <Filter>include\iostreams</Filter>
    </ClInclude>
    <ClInclude Include="include\ext\iostreams\basic_base_encoder.hpp">
      <Filter>include\iostreams</Filter>
    </ClInclude>
    <ClInclude Include="include\ext\iostreams\transform_width_decoder.hpp">
      <Filter>include\iostreams</Filter>
    </ClInclude>
    <ClInclude Include="include\ext\iostreams\blocking_write.hpp">
      <Filter>include\iostreams</Filter>
    </ClInclude>
    <ClInclude Include="include\ext\type_traits.hpp">
      <Filter>include</Filter>
    </ClInclude>
    <ClInclude Include="include\ext\is_iterator.hpp">
      <Filter>include</Filter>
    </ClInclude>
    <ClInclude Include="include\ext\iostreams\socket_streambuf_base.hpp">
      <Filter>include\iostreams</Filter>
    </ClInclude>
    <ClInclude Include="include\ext\iostreams\socket_stream.hpp">
      <Filter>include\iostreams</Filter>
    </ClInclude>
    <ClInclude Include="include\ext\config.hpp">
      <Filter>include</Filter>
    </ClInclude>
    <ClInclude Include="include\ext\functors\indirect_functor.hpp">
      <Filter>include\functors</Filter>
    </ClInclude>
    <ClInclude Include="include\ext\iostreams\streambuf.hpp">
      <Filter>include\iostreams</Filter>
    </ClInclude>
    <ClInclude Include="include\ext\cppzlib.hpp">
      <Filter>include</Filter>
    </ClInclude>
    <ClInclude Include="include\ext\iostreams\winsock2_streambuf.hpp">
      <Filter>include\iostreams</Filter>
    </ClInclude>
    <ClInclude Include="include\ext\iostreams\winsock2_stream.hpp">
      <Filter>include\iostreams</Filter>
    </ClInclude>
    <ClInclude Include="include\ext\openssl.hpp">
      <Filter>include</Filter>
    </ClInclude>
    <ClInclude Include="include\ext\iostreams\winsock2_inc.hpp">
      <Filter>include\iostreams</Filter>
    </ClInclude>
    <ClInclude Include="include\ext\strings\aci_string-yaml.hpp">
      <Filter>include\strings</Filter>
    </ClInclude>
    <ClInclude Include="include\ext\strings\aci_string.hpp">
      <Filter>include\strings</Filter>
    </ClInclude>
    <ClInclude Include="include\ext\strings\compact_string_body.hpp">
      <Filter>include\strings</Filter>
    </ClInclude>
    <ClInclude Include="include\ext\strings\compact_string.hpp">
      <Filter>include\strings</Filter>
    </ClInclude>
    <ClInclude Include="include\ext\strings\basic_string_facade_integration.hpp">
      <Filter>include\strings</Filter>
    </ClInclude>
    <ClInclude Include="include\ext\strings\basic_string_facade.hpp">
      <Filter>include\strings</Filter>
    </ClInclude>
    <ClInclude Include="include\ext\threaded_scheduler.hpp">
      <Filter>include</Filter>
    </ClInclude>
    <ClInclude Include="include\ext\scheduler.hpp">
      <Filter>include</Filter>
    </ClInclude>
    <ClInclude Include="include\ext\iostreams\socket_types.hpp">
      <Filter>include</Filter>
    </ClInclude>
    <ClInclude Include="include\ext\intrusive_ptr.hpp">
      <Filter>include</Filter>
    </ClInclude>
    <ClInclude Include="include\ext\future.hpp">
      <Filter>include</Filter>
    </ClInclude>
    <ClInclude Include="include\ext\strings\cow_string_body.hpp">
      <Filter>include\strings</Filter>
    </ClInclude>
    <ClInclude Include="include\ext\strings\cow_string.hpp">
      <Filter>include\strings</Filter>
    </ClInclude>
  </ItemGroup>
  <ItemGroup>
    <Text Include="LICENSE_1_0.txt" />
  </ItemGroup>
  <ItemGroup>
    <Natvis Include="vsnatvis\ext.natvis" />
  </ItemGroup>
</Project>